{
  "originHash" : "456a52fc437bffce92e5cf58f2d98ed1040cefcff8b125d7570164303134e110",
  "pins" : [
    {
      "identity" : "marqueelabel",
      "kind" : "remoteSourceControl",
      "location" : "https://github.com/cbpowell/MarqueeLabel",
      "state" : {
        "revision" : "ae3cf7c647dd7f67f1946658285f5f0ce2476caf",
        "version" : "4.4.0"
      }
    },
    {
      "identity" : "notificationbanner",
      "kind" : "remoteSourceControl",
      "location" : "https://github.com/Daltron/NotificationBanner",
      "state" : {
        "revision" : "1406ac60bcab58074fc969e9b4cb804679832c8e",
        "version" : "3.2.1"
      }
    },
    {
      "identity" : "peertalk",
      "kind" : "remoteSourceControl",
      "location" : "https://github.com/hakaru/peertalk",
      "state" : {
        "branch" : "master",
        "revision" : "bc6822dc6325be3cd63da7f5126d43ef27ab6e2c"
      }
    },
    {
      "identity" : "snapkit",
      "kind" : "remoteSourceControl",
      "location" : "https://github.com/SnapKit/SnapKit",
      "state" : {
        "revision" : "f222cbdf325885926566172f6f5f06af95473158",
        "version" : "5.6.0"
      }
    }
  ],
  "version" : 3
}
